
Microsoft Visual Studio Solution File, Format Version 12.00
# Visual Studio 2015
Project("{FAE04EC0-301F-11D3-BF4B-00C04F79EFBC}") = "BPRI2VIAEnergyPark.CSharp", "BPRI2VIAEnergyPark.CSharp.csproj", "{5BD374E5-3AE5-040E-660A-C37643669E41}"
EndProject
Project("{FAE04EC0-301F-11D3-BF4B-00C04F79EFBC}") = "BPRI2VIAEnergyPark.CSharp.Editor", "BPRI2VIAEnergyPark.CSharp.Editor.csproj", "{8856CABA-94B5-E50B-40B4-F9B8342B1225}"
EndProject
Global
	GlobalSection(SolutionConfigurationPlatforms) = preSolution
		Debug|Any CPU = Debug|Any CPU
		Release|Any CPU = Release|Any CPU
	EndGlobalSection
	GlobalSection(ProjectConfigurationPlatforms) = postSolution
		{5BD374E5-3AE5-040E-660A-C37643669E41}.Debug|Any CPU.ActiveCfg = Debug|Any CPU
		{5BD374E5-3AE5-040E-660A-C37643669E41}.Debug|Any CPU.Build.0 = Debug|Any CPU
		{5BD374E5-3AE5-040E-660A-C37643669E41}.Release|Any CPU.ActiveCfg = Release|Any CPU
		{5BD374E5-3AE5-040E-660A-C37643669E41}.Release|Any CPU.Build.0 = Release|Any CPU
		{8856CABA-94B5-E50B-40B4-F9B8342B1225}.Debug|Any CPU.ActiveCfg = Debug|Any CPU
		{8856CABA-94B5-E50B-40B4-F9B8342B1225}.Debug|Any CPU.Build.0 = Debug|Any CPU
		{8856CABA-94B5-E50B-40B4-F9B8342B1225}.Release|Any CPU.ActiveCfg = Release|Any CPU
		{8856CABA-94B5-E50B-40B4-F9B8342B1225}.Release|Any CPU.Build.0 = Release|Any CPU
	EndGlobalSection
	GlobalSection(SolutionProperties) = preSolution
		HideSolutionNode = FALSE
	EndGlobalSection
EndGlobal
